# Generated by buf. DO NOT EDIT.
version: v2
deps:
  - name: buf.build/cosmos/cosmos-proto
    commit: 04467658e59e44bbb22fe568206e1f70
    digest: b5:8058c0aadbee8c9af67a9cefe86492c6c0b0bd5b4526b0ec820507b91fc9b0b5efbebca97331854576d2d279b0b3f5ed6a7abb0640cb640c4186532239c48fc4
  - name: buf.build/cosmos/cosmos-sdk
    commit: 954f7b05f38440fc8250134b15adec47
    digest: b5:277c452a656ede14d1a044fcba3a47531883cf39988401b1ed422a064e116aed8a28e671d9cea434aa0381f139ad194f98606bf45915a945cc354fb81135d09b
  - name: buf.build/cosmos/gogo-proto
    commit: 88ef6483f90f478fb938c37dde52ece3
    digest: b5:f0c69202c9bca9672dc72a9737ea9bc83744daaed2b3da77e3a95b0e53b86dee76b5a7405b993181d6c863fd64afaca0976a302f700d6c4912eb1692a1782c0a
  - name: buf.build/googleapis/googleapis
    commit: 546238c53f7340c6a2a6099fb863bc1b
    digest: b5:e017bbf31a3f912e2b969c03c3aa711f466cfe104f510865d1a8ede1be490240aabd4cca5865459a0f15222747284395f98afc094b0fd086e8917a5a7bdd9db0
