cosmossdk.io/errors v1.0.1/go.mod h1:MeelVSZThMi4bEakzhhhE/CKqVv3nOJDA25bIqRDu/U=
github.com/cometbft/cometbft v0.37.5/go.mod h1:QC+mU0lBhKn8r9qvmnq53Dmf3DWBt4VtkcKw2C81wxY=
github.com/cosmos/cosmos-sdk v0.47.12/go.mod h1:ADjORYzUQqQv/FxDi0H0K5gW/rAk1CiDR3ZKsExfJV0=
github.com/cosmos/gogoproto v1.4.12/go.mod h1:LnZob1bXRdUoqMMtwYlcR3wjiElmlC+FkjaZRv1/eLY=
github.com/cpuguy83/go-md2man/v2 v2.0.3/go.mod h1:tgQtvFlXSQOSOSIRvRPT7W67SCa46tRHOmNcaadrF8o=
github.com/inconshreveable/mousetrap v1.1.0/go.mod h1:vpF70FUmC8bwa3OWnCshd2FqLfsEA9PFc4w1p2J65bw=
github.com/russross/blackfriday/v2 v2.1.0/go.mod h1:+Rmxgy9KzJVeS9/2gXHxylqXiyQDYRxCVz55jmeOWTM=
github.com/spf13/cobra v1.8.0/go.mod h1:WXLWApfZ71AjXPya3WOlMsY9yMs7YeiHhFVlvLyhcho=
github.com/spf13/pflag v1.0.5/go.mod h1:McXfInJRrz4CZXVZOBLb0bTZqETkiAhM9Iw0y3An2Bg=
github.com/spf13/viper v1.18.2/go.mod h1:EKmWIqdnk5lOcmR72yw6hS+8OPYcwD0jteitLMVB+yk=
gopkg.in/check.v1 v0.0.0-20161208181325-20d25e280405/go.mod h1:Co6ibVJAznAaIkqp8huTwlJQCZ016jof/cbN4VW5Yz0=
gopkg.in/yaml.v3 v3.0.1/go.mod h1:K4uyk7z7BCEPqu6E+C64Yfv1cQ7kz7rIZviUmN+EgEM=
pkg.akt.dev/go v0.0.1-rc2/go.mod h1:0xdDZR1wcP4RCLFRN2HPKPTMQEDa3ycLNxcWDWg/SQc=
pkg.akt.dev/go/sdl v0.0.1-rc0/go.mod h1:kOnhWhS0k/VEWiF++9ruCpJCWQoXPm8+UCDOm6g9hMA=
